
Microsoft Visual Studio Solution File, Format Version 12.00
# Visual Studio Version 17
VisualStudioVersion = 17.6.33829.357
MinimumVisualStudioVersion = 10.0.40219.1
Project("{FAE04EC0-301F-11D3-BF4B-00C04F79EFBC}") = "Business", "Business\Business.csproj", "{EC4A8D6A-14B3-42C7-9B0E-E430E62EF7D0}"
EndProject
Project("{FAE04EC0-301F-11D3-BF4B-00C04F79EFBC}") = "Core", "Core\Core.csproj", "{05AA9F6B-873E-4809-A61E-8EF88BDE50CD}"
EndProject
Project("{FAE04EC0-301F-11D3-BF4B-00C04F79EFBC}") = "DataAccess", "DataAccess\DataAccess.csproj", "{E47ECB61-4B67-46AF-81EC-EF7A1EC12870}"
EndProject
Project("{FAE04EC0-301F-11D3-BF4B-00C04F79EFBC}") = "Entities", "Entities\Entities.csproj", "{2EF81A3F-2E4A-472A-A6A5-5582D117C576}"
EndProject
Project("{FAE04EC0-301F-11D3-BF4B-00C04F79EFBC}") = "WebApi", "WebApi\WebApi.csproj", "{93032C21-5A3B-44B6-A371-EB4E360D7DD2}"
EndProject
Global
	GlobalSection(SolutionConfigurationPlatforms) = preSolution
		Debug|Any CPU = Debug|Any CPU
		Release|Any CPU = Release|Any CPU
	EndGlobalSection
	GlobalSection(ProjectConfigurationPlatforms) = postSolution
		{EC4A8D6A-14B3-42C7-9B0E-E430E62EF7D0}.Debug|Any CPU.ActiveCfg = Debug|Any CPU
		{EC4A8D6A-14B3-42C7-9B0E-E430E62EF7D0}.Debug|Any CPU.Build.0 = Debug|Any CPU
		{EC4A8D6A-14B3-42C7-9B0E-E430E62EF7D0}.Release|Any CPU.ActiveCfg = Release|Any CPU
		{EC4A8D6A-14B3-42C7-9B0E-E430E62EF7D0}.Release|Any CPU.Build.0 = Release|Any CPU
		{05AA9F6B-873E-4809-A61E-8EF88BDE50CD}.Debug|Any CPU.ActiveCfg = Debug|Any CPU
		{05AA9F6B-873E-4809-A61E-8EF88BDE50CD}.Debug|Any CPU.Build.0 = Debug|Any CPU
		{05AA9F6B-873E-4809-A61E-8EF88BDE50CD}.Release|Any CPU.ActiveCfg = Release|Any CPU
		{05AA9F6B-873E-4809-A61E-8EF88BDE50CD}.Release|Any CPU.Build.0 = Release|Any CPU
		{E47ECB61-4B67-46AF-81EC-EF7A1EC12870}.Debug|Any CPU.ActiveCfg = Debug|Any CPU
		{E47ECB61-4B67-46AF-81EC-EF7A1EC12870}.Debug|Any CPU.Build.0 = Debug|Any CPU
		{E47ECB61-4B67-46AF-81EC-EF7A1EC12870}.Release|Any CPU.ActiveCfg = Release|Any CPU
		{E47ECB61-4B67-46AF-81EC-EF7A1EC12870}.Release|Any CPU.Build.0 = Release|Any CPU
		{2EF81A3F-2E4A-472A-A6A5-5582D117C576}.Debug|Any CPU.ActiveCfg = Debug|Any CPU
		{2EF81A3F-2E4A-472A-A6A5-5582D117C576}.Debug|Any CPU.Build.0 = Debug|Any CPU
		{2EF81A3F-2E4A-472A-A6A5-5582D117C576}.Release|Any CPU.ActiveCfg = Release|Any CPU
		{2EF81A3F-2E4A-472A-A6A5-5582D117C576}.Release|Any CPU.Build.0 = Release|Any CPU
		{93032C21-5A3B-44B6-A371-EB4E360D7DD2}.Debug|Any CPU.ActiveCfg = Debug|Any CPU
		{93032C21-5A3B-44B6-A371-EB4E360D7DD2}.Debug|Any CPU.Build.0 = Debug|Any CPU
		{93032C21-5A3B-44B6-A371-EB4E360D7DD2}.Release|Any CPU.ActiveCfg = Release|Any CPU
		{93032C21-5A3B-44B6-A371-EB4E360D7DD2}.Release|Any CPU.Build.0 = Release|Any CPU
	EndGlobalSection
	GlobalSection(SolutionProperties) = preSolution
		HideSolutionNode = FALSE
	EndGlobalSection
	GlobalSection(ExtensibilityGlobals) = postSolution
		SolutionGuid = {BB577BBA-345F-4E0C-B5BC-31F6F6730ECE}
	EndGlobalSection
EndGlobal
